
Microsoft Visual Studio Solution File, Format Version 12.00
# Visual Studio Version 16
VisualStudioVersion = 16.0.30413.136
MinimumVisualStudioVersion = 10.0.40219.1
Project("{FAE04EC0-301F-11D3-BF4B-00C04F79EFBC}") = "test_array", "test_array\test_array.csproj", "{CDB9C062-022A-43AA-8018-E9B7F11D5E9F}"
EndProject
Global
	GlobalSection(SolutionConfigurationPlatforms) = preSolution
		Debug|Any CPU = Debug|Any CPU
		Release|Any CPU = Release|Any CPU
	EndGlobalSection
	GlobalSection(ProjectConfigurationPlatforms) = postSolution
		{CDB9C062-022A-43AA-8018-E9B7F11D5E9F}.Debug|Any CPU.ActiveCfg = Debug|Any CPU
		{CDB9C062-022A-43AA-8018-E9B7F11D5E9F}.Debug|Any CPU.Build.0 = Debug|Any CPU
		{CDB9C062-022A-43AA-8018-E9B7F11D5E9F}.Release|Any CPU.ActiveCfg = Release|Any CPU
		{CDB9C062-022A-43AA-8018-E9B7F11D5E9F}.Release|Any CPU.Build.0 = Release|Any CPU
	EndGlobalSection
	GlobalSection(SolutionProperties) = preSolution
		HideSolutionNode = FALSE
	EndGlobalSection
	GlobalSection(ExtensibilityGlobals) = postSolution
		SolutionGuid = {A69E282D-C59A-4110-AD02-906B6B158481}
	EndGlobalSection
EndGlobal
